// !$*UTF8*$!
{
	archiveVersion = 1;
	classes = {
	};
	objectVersion = 55;
	objects = {

/* Begin PBXBuildFile section */
		74ED1E6F282D467D005DD722 /* iosAppApp.swift in Sources */ = {isa = PBXBuildFile; fileRef = 74ED1E5C282D467B005DD722 /* iosAppApp.swift */; };
		74ED1E71282D467D005DD722 /* ShowNoteScreen.swift in Sources */ = {isa = PBXBuildFile; fileRef = 74ED1E5D282D467B005DD722 /* ShowNoteScreen.swift */; };
		74ED1E75282D467D005DD722 /* Assets.xcassets in Resources */ = {isa = PBXBuildFile; fileRef = 74ED1E5F282D467D005DD722 /* Assets.xcassets */; };
		74ED1E87282D493B005DD722 /* Localizable.strings in Resources */ = {isa = PBXBuildFile; fileRef = 74ED1E85282D493B005DD722 /* Localizable.strings */; };
		74ED1E89282D49FF005DD722 /* swiftgen.yml in Resources */ = {isa = PBXBuildFile; fileRef = 74ED1E88282D49FF005DD722 /* swiftgen.yml */; };
		74ED1E8B282D4A64005DD722 /* Strings.swift in Sources */ = {isa = PBXBuildFile; fileRef = 74ED1E8A282D4A64005DD722 /* Strings.swift */; };
		74ED1E92282D4C38005DD722 /* CreateNoteScreen.swift in Sources */ = {isa = PBXBuildFile; fileRef = 74ED1E91282D4C38005DD722 /* CreateNoteScreen.swift */; };
		74ED1E94282D571B005DD722 /* NoteCard.swift in Sources */ = {isa = PBXBuildFile; fileRef = 74ED1E93282D571B005DD722 /* NoteCard.swift */; };
		74ED1EA4282D632B005DD722 /* NoteViewModel.swift in Sources */ = {isa = PBXBuildFile; fileRef = 74ED1EA3282D632B005DD722 /* NoteViewModel.swift */; };
		74ED1ECD282E6D0C005DD722 /* KMPNativeCoroutinesRxSwift in Frameworks */ = {isa = PBXBuildFile; productRef = 74ED1ECC282E6D0C005DD722 /* KMPNativeCoroutinesRxSwift */; };
/* End PBXBuildFile section */

/* Begin PBXFileReference section */
		74ED1E5C282D467B005DD722 /* iosAppApp.swift */ = {isa = PBXFileReference; lastKnownFileType = sourcecode.swift; path = iosAppApp.swift; sourceTree = "<group>"; };
		74ED1E5D282D467B005DD722 /* ShowNoteScreen.swift */ = {isa = PBXFileReference; lastKnownFileType = sourcecode.swift; path = ShowNoteScreen.swift; sourceTree = "<group>"; };
		74ED1E5F282D467D005DD722 /* Assets.xcassets */ = {isa = PBXFileReference; lastKnownFileType = folder.assetcatalog; path = Assets.xcassets; sourceTree = "<group>"; };
		74ED1E64282D467D005DD722 /* iosApp.app */ = {isa = PBXFileReference; explicitFileType = wrapper.application; includeInIndex = 0; path = iosApp.app; sourceTree = BUILT_PRODUCTS_DIR; };
		74ED1E86282D493B005DD722 /* en */ = {isa = PBXFileReference; lastKnownFileType = text.plist.strings; name = en; path = Localizable.strings; sourceTree = "<group>"; };
		74ED1E88282D49FF005DD722 /* swiftgen.yml */ = {isa = PBXFileReference; lastKnownFileType = text.yaml; path = swiftgen.yml; sourceTree = "<group>"; };
		74ED1E8A282D4A64005DD722 /* Strings.swift */ = {isa = PBXFileReference; fileEncoding = 4; lastKnownFileType = sourcecode.swift; name = Strings.swift; path = Shared/Resources/Strings/Strings.swift; sourceTree = SOURCE_ROOT; };
		74ED1E91282D4C38005DD722 /* CreateNoteScreen.swift */ = {isa = PBXFileReference; lastKnownFileType = sourcecode.swift; path = CreateNoteScreen.swift; sourceTree = "<group>"; };
		74ED1E93282D571B005DD722 /* NoteCard.swift */ = {isa = PBXFileReference; lastKnownFileType = sourcecode.swift; path = NoteCard.swift; sourceTree = "<group>"; };
		74ED1EA3282D632B005DD722 /* NoteViewModel.swift */ = {isa = PBXFileReference; lastKnownFileType = sourcecode.swift; path = NoteViewModel.swift; sourceTree = "<group>"; };
/* End PBXFileReference section */

/* Begin PBXFrameworksBuildPhase section */
		74ED1E61282D467D005DD722 /* Frameworks */ = {
			isa = PBXFrameworksBuildPhase;
			buildActionMask = 2147483647;
			files = (
				74ED1ECD282E6D0C005DD722 /* KMPNativeCoroutinesRxSwift in Frameworks */,
			);
			runOnlyForDeploymentPostprocessing = 0;
		};
/* End PBXFrameworksBuildPhase section */

/* Begin PBXGroup section */
		74ED1E54282D467B005DD722 = {
			isa = PBXGroup;
			children = (
				74ED1E88282D49FF005DD722 /* swiftgen.yml */,
				74ED1E59282D467B005DD722 /* Shared */,
				74ED1E65282D467D005DD722 /* Products */,
				74ED1EBB282E4A62005DD722 /* Frameworks */,
			);
			sourceTree = "<group>";
		};
		74ED1E59282D467B005DD722 /* Shared */ = {
			isa = PBXGroup;
			children = (
				74ED1E81282D4823005DD722 /* Resources */,
				74ED1E8C282D4B07005DD722 /* Presentation */,
				74ED1E5C282D467B005DD722 /* iosAppApp.swift */,
				74ED1E5F282D467D005DD722 /* Assets.xcassets */,
			);
			path = Shared;
			sourceTree = "<group>";
		};
		74ED1E65282D467D005DD722 /* Products */ = {
			isa = PBXGroup;
			children = (
				74ED1E64282D467D005DD722 /* iosApp.app */,
			);
			name = Products;
			sourceTree = "<group>";
		};
		74ED1E81282D4823005DD722 /* Resources */ = {
			isa = PBXGroup;
			children = (
				74ED1E82282D482F005DD722 /* Strings */,
			);
			path = Resources;
			sourceTree = "<group>";
		};
		74ED1E82282D482F005DD722 /* Strings */ = {
			isa = PBXGroup;
			children = (
				74ED1E8A282D4A64005DD722 /* Strings.swift */,
				74ED1E83282D4835005DD722 /* en.lproj */,
			);
			path = Strings;
			sourceTree = "<group>";
		};
		74ED1E83282D4835005DD722 /* en.lproj */ = {
			isa = PBXGroup;
			children = (
				74ED1E85282D493B005DD722 /* Localizable.strings */,
			);
			path = en.lproj;
			sourceTree = "<group>";
		};
		74ED1E8C282D4B07005DD722 /* Presentation */ = {
			isa = PBXGroup;
			children = (
				74ED1E8D282D4B41005DD722 /* Screen */,
			);
			path = Presentation;
			sourceTree = "<group>";
		};
		74ED1E8D282D4B41005DD722 /* Screen */ = {
			isa = PBXGroup;
			children = (
				74ED1EA3282D632B005DD722 /* NoteViewModel.swift */,
				74ED1E8F282D4B4F005DD722 /* CreateNote */,
				74ED1E8E282D4B46005DD722 /* ShowNote */,
			);
			path = Screen;
			sourceTree = "<group>";
		};
		74ED1E8E282D4B46005DD722 /* ShowNote */ = {
			isa = PBXGroup;
			children = (
				74ED1E90282D4B58005DD722 /* Component */,
				74ED1E5D282D467B005DD722 /* ShowNoteScreen.swift */,
			);
			path = ShowNote;
			sourceTree = "<group>";
		};
		74ED1E8F282D4B4F005DD722 /* CreateNote */ = {
			isa = PBXGroup;
			children = (
				74ED1E91282D4C38005DD722 /* CreateNoteScreen.swift */,
			);
			path = CreateNote;
			sourceTree = "<group>";
		};
		74ED1E90282D4B58005DD722 /* Component */ = {
			isa = PBXGroup;
			children = (
				74ED1E93282D571B005DD722 /* NoteCard.swift */,
			);
			path = Component;
			sourceTree = "<group>";
		};
		74ED1EBB282E4A62005DD722 /* Frameworks */ = {
			isa = PBXGroup;
			children = (
			);
			name = Frameworks;
			sourceTree = "<group>";
		};
/* End PBXGroup section */

/* Begin PBXNativeTarget section */
		74ED1E63282D467D005DD722 /* iosApp (iOS) */ = {
			isa = PBXNativeTarget;
			buildConfigurationList = 74ED1E79282D467D005DD722 /* Build configuration list for PBXNativeTarget "iosApp (iOS)" */;
			buildPhases = (
				74ED1E84282D4876005DD722 /* SwiftGen */,
				74ED1E97282D5F87005DD722 /* KMM */,
				74ED1E60282D467D005DD722 /* Sources */,
				74ED1E61282D467D005DD722 /* Frameworks */,
				74ED1E62282D467D005DD722 /* Resources */,
			);
			buildRules = (
			);
			dependencies = (
			);
			name = "iosApp (iOS)";
			packageProductDependencies = (
				74ED1ECC282E6D0C005DD722 /* KMPNativeCoroutinesRxSwift */,
			);
			productName = "iosApp (iOS)";
			productReference = 74ED1E64282D467D005DD722 /* iosApp.app */;
			productType = "com.apple.product-type.application";
		};
/* End PBXNativeTarget section */

/* Begin PBXProject section */
		74ED1E55282D467B005DD722 /* Project object */ = {
			isa = PBXProject;
			attributes = {
				BuildIndependentTargetsInParallel = 1;
				LastSwiftUpdateCheck = 1330;
				LastUpgradeCheck = 1330;
				TargetAttributes = {
					74ED1E63282D467D005DD722 = {
						CreatedOnToolsVersion = 13.3.1;
					};
				};
			};
			buildConfigurationList = 74ED1E58282D467B005DD722 /* Build configuration list for PBXProject "iosApp" */;
			compatibilityVersion = "Xcode 13.0";
			developmentRegion = en;
			hasScannedForEncodings = 0;
			knownRegions = (
				en,
				Base,
			);
			mainGroup = 74ED1E54282D467B005DD722;
			packageReferences = (
				74ED1ECB282E6D0C005DD722 /* XCRemoteSwiftPackageReference "KMP-NativeCoroutines" */,
			);
			productRefGroup = 74ED1E65282D467D005DD722 /* Products */;
			projectDirPath = "";
			projectRoot = "";
			targets = (
				74ED1E63282D467D005DD722 /* iosApp (iOS) */,
			);
		};
/* End PBXProject section */

/* Begin PBXResourcesBuildPhase section */
		74ED1E62282D467D005DD722 /* Resources */ = {
			isa = PBXResourcesBuildPhase;
			buildActionMask = 2147483647;
			files = (
				74ED1E75282D467D005DD722 /* Assets.xcassets in Resources */,
				74ED1E87282D493B005DD722 /* Localizable.strings in Resources */,
				74ED1E89282D49FF005DD722 /* swiftgen.yml in Resources */,
			);
			runOnlyForDeploymentPostprocessing = 0;
		};
/* End PBXResourcesBuildPhase section */

/* Begin PBXShellScriptBuildPhase section */
		74ED1E84282D4876005DD722 /* SwiftGen */ = {
			isa = PBXShellScriptBuildPhase;
			buildActionMask = 2147483647;
			files = (
			);
			inputFileListPaths = (
			);
			inputPaths = (
			);
			name = SwiftGen;
			outputFileListPaths = (
			);
			outputPaths = (
			);
			runOnlyForDeploymentPostprocessing = 0;
			shellPath = /bin/sh;
			shellScript = "# Type a script or drag a script file from your workspace to insert its path.\nif [[ -f \"$SOURCE_ROOT/SwiftGen/bin/swiftgen\" ]]; then\n    \"$SOURCE_ROOT/SwiftGen/bin/swiftgen\"\nelse\n    echo \"SwiftGen is not installed. Do: git submodule update --init && SwiftGen/ && bundle exec rake cli:install[./bin/]\"\nfi\n";
		};
		74ED1E97282D5F87005DD722 /* KMM */ = {
			isa = PBXShellScriptBuildPhase;
			buildActionMask = 2147483647;
			files = (
			);
			inputFileListPaths = (
			);
			inputPaths = (
			);
			name = KMM;
			outputFileListPaths = (
			);
			outputPaths = (
			);
			runOnlyForDeploymentPostprocessing = 0;
			shellPath = /bin/sh;
			shellScript = "# Type a script or drag a script file from your workspace to insert its path.\ncd \"$SRCROOT/..\"\n./gradlew :shared:embedAndSignAppleFrameworkForXcode\n";
		};
/* End PBXShellScriptBuildPhase section */

/* Begin PBXSourcesBuildPhase section */
		74ED1E60282D467D005DD722 /* Sources */ = {
			isa = PBXSourcesBuildPhase;
			buildActionMask = 2147483647;
			files = (
				74ED1E92282D4C38005DD722 /* CreateNoteScreen.swift in Sources */,
				74ED1E8B282D4A64005DD722 /* Strings.swift in Sources */,
				74ED1E94282D571B005DD722 /* NoteCard.swift in Sources */,
				74ED1E6F282D467D005DD722 /* iosAppApp.swift in Sources */,
				74ED1EA4282D632B005DD722 /* NoteViewModel.swift in Sources */,
				74ED1E71282D467D005DD722 /* ShowNoteScreen.swift in Sources */,
			);
			runOnlyForDeploymentPostprocessing = 0;
		};
/* End PBXSourcesBuildPhase section */

/* Begin PBXVariantGroup section */
		74ED1E85282D493B005DD722 /* Localizable.strings */ = {
			isa = PBXVariantGroup;
			children = (
				74ED1E86282D493B005DD722 /* en */,
			);
			name = Localizable.strings;
			sourceTree = "<group>";
		};
/* End PBXVariantGroup section */

/* Begin XCBuildConfiguration section */
		74ED1E77282D467D005DD722 /* Debug */ = {
			isa = XCBuildConfiguration;
			buildSettings = {
				ALWAYS_SEARCH_USER_PATHS = NO;
				CLANG_ANALYZER_NONNULL = YES;
				CLANG_ANALYZER_NUMBER_OBJECT_CONVERSION = YES_AGGRESSIVE;
				CLANG_CXX_LANGUAGE_STANDARD = "gnu++17";
				CLANG_ENABLE_MODULES = YES;
				CLANG_ENABLE_OBJC_ARC = YES;
				CLANG_ENABLE_OBJC_WEAK = YES;
				CLANG_WARN_BLOCK_CAPTURE_AUTORELEASING = YES;
				CLANG_WARN_BOOL_CONVERSION = YES;
				CLANG_WARN_COMMA = YES;
				CLANG_WARN_CONSTANT_CONVERSION = YES;
				CLANG_WARN_DEPRECATED_OBJC_IMPLEMENTATIONS = YES;
				CLANG_WARN_DIRECT_OBJC_ISA_USAGE = YES_ERROR;
				CLANG_WARN_DOCUMENTATION_COMMENTS = YES;
				CLANG_WARN_EMPTY_BODY = YES;
				CLANG_WARN_ENUM_CONVERSION = YES;
				CLANG_WARN_INFINITE_RECURSION = YES;
				CLANG_WARN_INT_CONVERSION = YES;
				CLANG_WARN_NON_LITERAL_NULL_CONVERSION = YES;
				CLANG_WARN_OBJC_IMPLICIT_RETAIN_SELF = YES;
				CLANG_WARN_OBJC_LITERAL_CONVERSION = YES;
				CLANG_WARN_OBJC_ROOT_CLASS = YES_ERROR;
				CLANG_WARN_QUOTED_INCLUDE_IN_FRAMEWORK_HEADER = YES;
				CLANG_WARN_RANGE_LOOP_ANALYSIS = YES;
				CLANG_WARN_STRICT_PROTOTYPES = YES;
				CLANG_WARN_SUSPICIOUS_MOVE = YES;
				CLANG_WARN_UNGUARDED_AVAILABILITY = YES_AGGRESSIVE;
				CLANG_WARN_UNREACHABLE_CODE = YES;
				CLANG_WARN__DUPLICATE_METHOD_MATCH = YES;
				COPY_PHASE_STRIP = NO;
				DEBUG_INFORMATION_FORMAT = dwarf;
				ENABLE_STRICT_OBJC_MSGSEND = YES;
				ENABLE_TESTABILITY = YES;
				GCC_C_LANGUAGE_STANDARD = gnu11;
				GCC_DYNAMIC_NO_PIC = NO;
				GCC_NO_COMMON_BLOCKS = YES;
				GCC_OPTIMIZATION_LEVEL = 0;
				GCC_PREPROCESSOR_DEFINITIONS = (
					"DEBUG=1",
					"$(inherited)",
				);
				GCC_WARN_64_TO_32_BIT_CONVERSION = YES;
				GCC_WARN_ABOUT_RETURN_TYPE = YES_ERROR;
				GCC_WARN_UNDECLARED_SELECTOR = YES;
				GCC_WARN_UNINITIALIZED_AUTOS = YES_AGGRESSIVE;
				GCC_WARN_UNUSED_FUNCTION = YES;
				GCC_WARN_UNUSED_VARIABLE = YES;
				MTL_ENABLE_DEBUG_INFO = INCLUDE_SOURCE;
				MTL_FAST_MATH = YES;
				ONLY_ACTIVE_ARCH = YES;
				SWIFT_ACTIVE_COMPILATION_CONDITIONS = DEBUG;
				SWIFT_OPTIMIZATION_LEVEL = "-Onone";
			};
			name = Debug;
		};
		74ED1E78282D467D005DD722 /* Release */ = {
			isa = XCBuildConfiguration;
			buildSettings = {
				ALWAYS_SEARCH_USER_PATHS = NO;
				CLANG_ANALYZER_NONNULL = YES;
				CLANG_ANALYZER_NUMBER_OBJECT_CONVERSION = YES_AGGRESSIVE;
				CLANG_CXX_LANGUAGE_STANDARD = "gnu++17";
				CLANG_ENABLE_MODULES = YES;
				CLANG_ENABLE_OBJC_ARC = YES;
				CLANG_ENABLE_OBJC_WEAK = YES;
				CLANG_WARN_BLOCK_CAPTURE_AUTORELEASING = YES;
				CLANG_WARN_BOOL_CONVERSION = YES;
				CLANG_WARN_COMMA = YES;
				CLANG_WARN_CONSTANT_CONVERSION = YES;
				CLANG_WARN_DEPRECATED_OBJC_IMPLEMENTATIONS = YES;
				CLANG_WARN_DIRECT_OBJC_ISA_USAGE = YES_ERROR;
				CLANG_WARN_DOCUMENTATION_COMMENTS = YES;
				CLANG_WARN_EMPTY_BODY = YES;
				CLANG_WARN_ENUM_CONVERSION = YES;
				CLANG_WARN_INFINITE_RECURSION = YES;
				CLANG_WARN_INT_CONVERSION = YES;
				CLANG_WARN_NON_LITERAL_NULL_CONVERSION = YES;
				CLANG_WARN_OBJC_IMPLICIT_RETAIN_SELF = YES;
				CLANG_WARN_OBJC_LITERAL_CONVERSION = YES;
				CLANG_WARN_OBJC_ROOT_CLASS = YES_ERROR;
				CLANG_WARN_QUOTED_INCLUDE_IN_FRAMEWORK_HEADER = YES;
				CLANG_WARN_RANGE_LOOP_ANALYSIS = YES;
				CLANG_WARN_STRICT_PROTOTYPES = YES;
				CLANG_WARN_SUSPICIOUS_MOVE = YES;
				CLANG_WARN_UNGUARDED_AVAILABILITY = YES_AGGRESSIVE;
				CLANG_WARN_UNREACHABLE_CODE = YES;
				CLANG_WARN__DUPLICATE_METHOD_MATCH = YES;
				COPY_PHASE_STRIP = NO;
				DEBUG_INFORMATION_FORMAT = "dwarf-with-dsym";
				ENABLE_NS_ASSERTIONS = NO;
				ENABLE_STRICT_OBJC_MSGSEND = YES;
				GCC_C_LANGUAGE_STANDARD = gnu11;
				GCC_NO_COMMON_BLOCKS = YES;
				GCC_WARN_64_TO_32_BIT_CONVERSION = YES;
				GCC_WARN_ABOUT_RETURN_TYPE = YES_ERROR;
				GCC_WARN_UNDECLARED_SELECTOR = YES;
				GCC_WARN_UNINITIALIZED_AUTOS = YES_AGGRESSIVE;
				GCC_WARN_UNUSED_FUNCTION = YES;
				GCC_WARN_UNUSED_VARIABLE = YES;
				MTL_ENABLE_DEBUG_INFO = NO;
				MTL_FAST_MATH = YES;
				SWIFT_COMPILATION_MODE = wholemodule;
				SWIFT_OPTIMIZATION_LEVEL = "-O";
			};
			name = Release;
		};
		74ED1E7A282D467D005DD722 /* Debug */ = {
			isa = XCBuildConfiguration;
			buildSettings = {
				ASSETCATALOG_COMPILER_APPICON_NAME = AppIcon;
				ASSETCATALOG_COMPILER_GLOBAL_ACCENT_COLOR_NAME = AccentColor;
				CODE_SIGN_STYLE = Automatic;
				CURRENT_PROJECT_VERSION = 1;
				DEVELOPMENT_TEAM = VH79XGK7M2;
				ENABLE_PREVIEWS = YES;
				FRAMEWORK_SEARCH_PATHS = "$(SRCROOT)/../shared/build/xcode-frameworks/$(CONFIGURATION)/$(SDK_NAME)";
				GENERATE_INFOPLIST_FILE = YES;
				INFOPLIST_KEY_UIApplicationSceneManifest_Generation = YES;
				INFOPLIST_KEY_UIApplicationSupportsIndirectInputEvents = YES;
				INFOPLIST_KEY_UILaunchScreen_Generation = YES;
				INFOPLIST_KEY_UISupportedInterfaceOrientations_iPad = "UIInterfaceOrientationPortrait UIInterfaceOrientationPortraitUpsideDown UIInterfaceOrientationLandscapeLeft UIInterfaceOrientationLandscapeRight";
				INFOPLIST_KEY_UISupportedInterfaceOrientations_iPhone = "UIInterfaceOrientationPortrait UIInterfaceOrientationLandscapeLeft UIInterfaceOrientationLandscapeRight";
				IPHONEOS_DEPLOYMENT_TARGET = 15.4;
				LD_RUNPATH_SEARCH_PATHS = (
					"$(inherited)",
					"@executable_path/Frameworks",
				);
				MARKETING_VERSION = 1.0;
				OTHER_LDFLAGS = (
					"$(inherited)",
					"-framework",
					shared,
				);
				PRODUCT_BUNDLE_IDENTIFIER = "studio.lunabee.kmp-test";
				PRODUCT_NAME = iosApp;
				SDKROOT = iphoneos;
				SWIFT_EMIT_LOC_STRINGS = YES;
				SWIFT_VERSION = 5.0;
				TARGETED_DEVICE_FAMILY = "1,2";
			};
			name = Debug;
		};
		74ED1E7B282D467D005DD722 /* Release */ = {
			isa = XCBuildConfiguration;
			buildSettings = {
				ASSETCATALOG_COMPILER_APPICON_NAME = AppIcon;
				ASSETCATALOG_COMPILER_GLOBAL_ACCENT_COLOR_NAME = AccentColor;
				CODE_SIGN_STYLE = Automatic;
				CURRENT_PROJECT_VERSION = 1;
				DEVELOPMENT_TEAM = VH79XGK7M2;
				ENABLE_PREVIEWS = YES;
				FRAMEWORK_SEARCH_PATHS = "$(SRCROOT)/../shared/build/xcode-frameworks/$(CONFIGURATION)/$(SDK_NAME)";
				GENERATE_INFOPLIST_FILE = YES;
				INFOPLIST_KEY_UIApplicationSceneManifest_Generation = YES;
				INFOPLIST_KEY_UIApplicationSupportsIndirectInputEvents = YES;
				INFOPLIST_KEY_UILaunchScreen_Generation = YES;
				INFOPLIST_KEY_UISupportedInterfaceOrientations_iPad = "UIInterfaceOrientationPortrait UIInterfaceOrientationPortraitUpsideDown UIInterfaceOrientationLandscapeLeft UIInterfaceOrientationLandscapeRight";
				INFOPLIST_KEY_UISupportedInterfaceOrientations_iPhone = "UIInterfaceOrientationPortrait UIInterfaceOrientationLandscapeLeft UIInterfaceOrientationLandscapeRight";
				IPHONEOS_DEPLOYMENT_TARGET = 15.4;
				LD_RUNPATH_SEARCH_PATHS = (
					"$(inherited)",
					"@executable_path/Frameworks",
				);
				MARKETING_VERSION = 1.0;
				OTHER_LDFLAGS = (
					"$(inherited)",
					"-framework",
					shared,
				);
				PRODUCT_BUNDLE_IDENTIFIER = "studio.lunabee.kmp-test";
				PRODUCT_NAME = iosApp;
				SDKROOT = iphoneos;
				SWIFT_EMIT_LOC_STRINGS = YES;
				SWIFT_VERSION = 5.0;
				TARGETED_DEVICE_FAMILY = "1,2";
				VALIDATE_PRODUCT = YES;
			};
			name = Release;
		};
/* End XCBuildConfiguration section */

/* Begin XCConfigurationList section */
		74ED1E58282D467B005DD722 /* Build configuration list for PBXProject "iosApp" */ = {
			isa = XCConfigurationList;
			buildConfigurations = (
				74ED1E77282D467D005DD722 /* Debug */,
				74ED1E78282D467D005DD722 /* Release */,
			);
			defaultConfigurationIsVisible = 0;
			defaultConfigurationName = Release;
		};
		74ED1E79282D467D005DD722 /* Build configuration list for PBXNativeTarget "iosApp (iOS)" */ = {
			isa = XCConfigurationList;
			buildConfigurations = (
				74ED1E7A282D467D005DD722 /* Debug */,
				74ED1E7B282D467D005DD722 /* Release */,
			);
			defaultConfigurationIsVisible = 0;
			defaultConfigurationName = Release;
		};
/* End XCConfigurationList section */

/* Begin XCRemoteSwiftPackageReference section */
		74ED1ECB282E6D0C005DD722 /* XCRemoteSwiftPackageReference "KMP-NativeCoroutines" */ = {
			isa = XCRemoteSwiftPackageReference;
			repositoryURL = "https://github.com/rickclephas/KMP-NativeCoroutines.git";
			requirement = {
				kind = exactVersion;
				version = "0.12.1-new-mm";
			};
		};
/* End XCRemoteSwiftPackageReference section */

/* Begin XCSwiftPackageProductDependency section */
		74ED1ECC282E6D0C005DD722 /* KMPNativeCoroutinesRxSwift */ = {
			isa = XCSwiftPackageProductDependency;
			package = 74ED1ECB282E6D0C005DD722 /* XCRemoteSwiftPackageReference "KMP-NativeCoroutines" */;
			productName = KMPNativeCoroutinesRxSwift;
		};
/* End XCSwiftPackageProductDependency section */
	};
	rootObject = 74ED1E55282D467B005DD722 /* Project object */;
}
